// !$*UTF8*$!
{
	archiveVersion = 1;
	classes = {
	};
	objectVersion = 51;
	objects = {

/* Begin PBXBuildFile section */
		940D066522064CC8003DC82A /* AppDelegate.swift in Sources */ = {isa = PBXBuildFile; fileRef = 940D066422064CC8003DC82A /* AppDelegate.swift */; };
		940D066722064CC8003DC82A /* RecordAudioViewController.swift in Sources */ = {isa = PBXBuildFile; fileRef = 940D066622064CC8003DC82A /* RecordAudioViewController.swift */; };
		940D066A22064CC8003DC82A /* Main.storyboard in Resources */ = {isa = PBXBuildFile; fileRef = 940D066822064CC8003DC82A /* Main.storyboard */; };
		940D066F22064CCA003DC82A /* LaunchScreen.storyboard in Resources */ = {isa = PBXBuildFile; fileRef = 940D066D22064CCA003DC82A /* LaunchScreen.storyboard */; };
		940D067A22064CCA003DC82A /* PitchPerfectTests.swift in Sources */ = {isa = PBXBuildFile; fileRef = 940D067922064CCA003DC82A /* PitchPerfectTests.swift */; };
		940D068522064CCA003DC82A /* PitchPerfectUITests.swift in Sources */ = {isa = PBXBuildFile; fileRef = 940D068422064CCA003DC82A /* PitchPerfectUITests.swift */; };
		940D06932206AE16003DC82A /* Assets.xcassets in Resources */ = {isa = PBXBuildFile; fileRef = 940D06922206AE16003DC82A /* Assets.xcassets */; };
		940D06952210C28B003DC82A /* PlayAudioViewController.swift in Sources */ = {isa = PBXBuildFile; fileRef = 940D06942210C28B003DC82A /* PlayAudioViewController.swift */; };
/* End PBXBuildFile section */

/* Begin PBXContainerItemProxy section */
		940D067622064CCA003DC82A /* PBXContainerItemProxy */ = {
			isa = PBXContainerItemProxy;
			containerPortal = 940D065922064CC8003DC82A /* Project object */;
			proxyType = 1;
			remoteGlobalIDString = 940D066022064CC8003DC82A;
			remoteInfo = PitchPerfect;
		};
		940D068122064CCA003DC82A /* PBXContainerItemProxy */ = {
			isa = PBXContainerItemProxy;
			containerPortal = 940D065922064CC8003DC82A /* Project object */;
			proxyType = 1;
			remoteGlobalIDString = 940D066022064CC8003DC82A;
			remoteInfo = PitchPerfect;
		};
/* End PBXContainerItemProxy section */

/* Begin PBXFileReference section */
		940D066122064CC8003DC82A /* PitchPerfect.app */ = {isa = PBXFileReference; explicitFileType = wrapper.application; includeInIndex = 0; path = PitchPerfect.app; sourceTree = BUILT_PRODUCTS_DIR; };
		940D066422064CC8003DC82A /* AppDelegate.swift */ = {isa = PBXFileReference; lastKnownFileType = sourcecode.swift; path = AppDelegate.swift; sourceTree = "<group>"; };
		940D066622064CC8003DC82A /* RecordAudioViewController.swift */ = {isa = PBXFileReference; lastKnownFileType = sourcecode.swift; path = RecordAudioViewController.swift; sourceTree = "<group>"; };
		940D066922064CC8003DC82A /* Base */ = {isa = PBXFileReference; lastKnownFileType = file.storyboard; name = Base; path = Base.lproj/Main.storyboard; sourceTree = "<group>"; };
		940D066E22064CCA003DC82A /* Base */ = {isa = PBXFileReference; lastKnownFileType = file.storyboard; name = Base; path = Base.lproj/LaunchScreen.storyboard; sourceTree = "<group>"; };
		940D067022064CCA003DC82A /* Info.plist */ = {isa = PBXFileReference; lastKnownFileType = text.plist.xml; path = Info.plist; sourceTree = "<group>"; };
		940D067522064CCA003DC82A /* PitchPerfectTests.xctest */ = {isa = PBXFileReference; explicitFileType = wrapper.cfbundle; includeInIndex = 0; path = PitchPerfectTests.xctest; sourceTree = BUILT_PRODUCTS_DIR; };
		940D067922064CCA003DC82A /* PitchPerfectTests.swift */ = {isa = PBXFileReference; lastKnownFileType = sourcecode.swift; path = PitchPerfectTests.swift; sourceTree = "<group>"; };
		940D067B22064CCA003DC82A /* Info.plist */ = {isa = PBXFileReference; lastKnownFileType = text.plist.xml; path = Info.plist; sourceTree = "<group>"; };
		940D068022064CCA003DC82A /* PitchPerfectUITests.xctest */ = {isa = PBXFileReference; explicitFileType = wrapper.cfbundle; includeInIndex = 0; path = PitchPerfectUITests.xctest; sourceTree = BUILT_PRODUCTS_DIR; };
		940D068422064CCA003DC82A /* PitchPerfectUITests.swift */ = {isa = PBXFileReference; lastKnownFileType = sourcecode.swift; path = PitchPerfectUITests.swift; sourceTree = "<group>"; };
		940D068622064CCA003DC82A /* Info.plist */ = {isa = PBXFileReference; lastKnownFileType = text.plist.xml; path = Info.plist; sourceTree = "<group>"; };
		940D06922206AE16003DC82A /* Assets.xcassets */ = {isa = PBXFileReference; lastKnownFileType = folder.assetcatalog; path = Assets.xcassets; sourceTree = "<group>"; };
		940D06942210C28B003DC82A /* PlayAudioViewController.swift */ = {isa = PBXFileReference; lastKnownFileType = sourcecode.swift; path = PlayAudioViewController.swift; sourceTree = "<group>"; };
/* End PBXFileReference section */

/* Begin PBXFrameworksBuildPhase section */
		940D065E22064CC8003DC82A /* Frameworks */ = {
			isa = PBXFrameworksBuildPhase;
			buildActionMask = 2147483647;
			files = (
			);
			runOnlyForDeploymentPostprocessing = 0;
		};
		940D067222064CCA003DC82A /* Frameworks */ = {
			isa = PBXFrameworksBuildPhase;
			buildActionMask = 2147483647;
			files = (
			);
			runOnlyForDeploymentPostprocessing = 0;
		};
		940D067D22064CCA003DC82A /* Frameworks */ = {
			isa = PBXFrameworksBuildPhase;
			buildActionMask = 2147483647;
			files = (
			);
			runOnlyForDeploymentPostprocessing = 0;
		};
/* End PBXFrameworksBuildPhase section */

/* Begin PBXGroup section */
		940D065822064CC8003DC82A = {
			isa = PBXGroup;
			children = (
				940D066322064CC8003DC82A /* PitchPerfect */,
				940D067822064CCA003DC82A /* PitchPerfectTests */,
				940D068322064CCA003DC82A /* PitchPerfectUITests */,
				940D066222064CC8003DC82A /* Products */,
			);
			sourceTree = "<group>";
		};
		940D066222064CC8003DC82A /* Products */ = {
			isa = PBXGroup;
			children = (
				940D066122064CC8003DC82A /* PitchPerfect.app */,
				940D067522064CCA003DC82A /* PitchPerfectTests.xctest */,
				940D068022064CCA003DC82A /* PitchPerfectUITests.xctest */,
			);
			name = Products;
			sourceTree = "<group>";
		};
		940D066322064CC8003DC82A /* PitchPerfect */ = {
			isa = PBXGroup;
			children = (
				940D06982210D733003DC82A /* Controllers */,
				940D06972210D71D003DC82A /* Views */,
				940D06962210D711003DC82A /* Models */,
				940D066422064CC8003DC82A /* AppDelegate.swift */,
				940D06922206AE16003DC82A /* Assets.xcassets */,
				940D067022064CCA003DC82A /* Info.plist */,
			);
			path = PitchPerfect;
			sourceTree = "<group>";
		};
		940D067822064CCA003DC82A /* PitchPerfectTests */ = {
			isa = PBXGroup;
			children = (
				940D067922064CCA003DC82A /* PitchPerfectTests.swift */,
				940D067B22064CCA003DC82A /* Info.plist */,
			);
			path = PitchPerfectTests;
			sourceTree = "<group>";
		};
		940D068322064CCA003DC82A /* PitchPerfectUITests */ = {
			isa = PBXGroup;
			children = (
				940D068422064CCA003DC82A /* PitchPerfectUITests.swift */,
				940D068622064CCA003DC82A /* Info.plist */,
			);
			path = PitchPerfectUITests;
			sourceTree = "<group>";
		};
		940D06962210D711003DC82A /* Models */ = {
			isa = PBXGroup;
			children = (
			);
			path = Models;
			sourceTree = "<group>";
		};
		940D06972210D71D003DC82A /* Views */ = {
			isa = PBXGroup;
			children = (
				940D066822064CC8003DC82A /* Main.storyboard */,
				940D066D22064CCA003DC82A /* LaunchScreen.storyboard */,
			);
			path = Views;
			sourceTree = "<group>";
		};
		940D06982210D733003DC82A /* Controllers */ = {
			isa = PBXGroup;
			children = (
				940D066622064CC8003DC82A /* RecordAudioViewController.swift */,
				940D06942210C28B003DC82A /* PlayAudioViewController.swift */,
			);
			path = Controllers;
			sourceTree = "<group>";
		};
/* End PBXGroup section */

/* Begin PBXNativeTarget section */
		940D066022064CC8003DC82A /* PitchPerfect */ = {
			isa = PBXNativeTarget;
			buildConfigurationList = 940D068922064CCA003DC82A /* Build configuration list for PBXNativeTarget "PitchPerfect" */;
			buildPhases = (
				940D065D22064CC8003DC82A /* Sources */,
				940D065E22064CC8003DC82A /* Frameworks */,
				940D065F22064CC8003DC82A /* Resources */,
			);
			buildRules = (
			);
			dependencies = (
			);
			name = PitchPerfect;
			productName = PitchPerfect;
			productReference = 940D066122064CC8003DC82A /* PitchPerfect.app */;
			productType = "com.apple.product-type.application";
		};
		940D067422064CCA003DC82A /* PitchPerfectTests */ = {
			isa = PBXNativeTarget;
			buildConfigurationList = 940D068C22064CCA003DC82A /* Build configuration list for PBXNativeTarget "PitchPerfectTests" */;
			buildPhases = (
				940D067122064CCA003DC82A /* Sources */,
				940D067222064CCA003DC82A /* Frameworks */,
				940D067322064CCA003DC82A /* Resources */,
			);
			buildRules = (
			);
			dependencies = (
				940D067722064CCA003DC82A /* PBXTargetDependency */,
			);
			name = PitchPerfectTests;
			productName = PitchPerfectTests;
			productReference = 940D067522064CCA003DC82A /* PitchPerfectTests.xctest */;
			productType = "com.apple.product-type.bundle.unit-test";
		};
		940D067F22064CCA003DC82A /* PitchPerfectUITests */ = {
			isa = PBXNativeTarget;
			buildConfigurationList = 940D068F22064CCA003DC82A /* Build configuration list for PBXNativeTarget "PitchPerfectUITests" */;
			buildPhases = (
				940D067C22064CCA003DC82A /* Sources */,
				940D067D22064CCA003DC82A /* Frameworks */,
				940D067E22064CCA003DC82A /* Resources */,
			);
			buildRules = (
			);
			dependencies = (
				940D068222064CCA003DC82A /* PBXTargetDependency */,
			);
			name = PitchPerfectUITests;
			productName = PitchPerfectUITests;
			productReference = 940D068022064CCA003DC82A /* PitchPerfectUITests.xctest */;
			productType = "com.apple.product-type.bundle.ui-testing";
		};
/* End PBXNativeTarget section */

/* Begin PBXProject section */
		940D065922064CC8003DC82A /* Project object */ = {
			isa = PBXProject;
			attributes = {
				LastSwiftUpdateCheck = 1010;
				LastUpgradeCheck = 1010;
				ORGANIZATIONNAME = "R3 Software";
				TargetAttributes = {
					940D066022064CC8003DC82A = {
						CreatedOnToolsVersion = 10.1;
					};
					940D067422064CCA003DC82A = {
						CreatedOnToolsVersion = 10.1;
						TestTargetID = 940D066022064CC8003DC82A;
					};
					940D067F22064CCA003DC82A = {
						CreatedOnToolsVersion = 10.1;
						TestTargetID = 940D066022064CC8003DC82A;
					};
				};
			};
			buildConfigurationList = 940D065C22064CC8003DC82A /* Build configuration list for PBXProject "PitchPerfect" */;
			compatibilityVersion = "Xcode 10.0";
			developmentRegion = en;
			hasScannedForEncodings = 0;
			knownRegions = (
				en,
				Base,
			);
			mainGroup = 940D065822064CC8003DC82A;
			productRefGroup = 940D066222064CC8003DC82A /* Products */;
			projectDirPath = "";
			projectRoot = "";
			targets = (
				940D066022064CC8003DC82A /* PitchPerfect */,
				940D067422064CCA003DC82A /* PitchPerfectTests */,
				940D067F22064CCA003DC82A /* PitchPerfectUITests */,
			);
		};
/* End PBXProject section */

/* Begin PBXResourcesBuildPhase section */
		940D065F22064CC8003DC82A /* Resources */ = {
			isa = PBXResourcesBuildPhase;
			buildActionMask = 2147483647;
			files = (
				940D066F22064CCA003DC82A /* LaunchScreen.storyboard in Resources */,
				940D06932206AE16003DC82A /* Assets.xcassets in Resources */,
				940D066A22064CC8003DC82A /* Main.storyboard in Resources */,
			);
			runOnlyForDeploymentPostprocessing = 0;
		};
		940D067322064CCA003DC82A /* Resources */ = {
			isa = PBXResourcesBuildPhase;
			buildActionMask = 2147483647;
			files = (
			);
			runOnlyForDeploymentPostprocessing = 0;
		};
		940D067E22064CCA003DC82A /* Resources */ = {
			isa = PBXResourcesBuildPhase;
			buildActionMask = 2147483647;
			files = (
			);
			runOnlyForDeploymentPostprocessing = 0;
		};
/* End PBXResourcesBuildPhase section */

/* Begin PBXSourcesBuildPhase section */
		940D065D22064CC8003DC82A /* Sources */ = {
			isa = PBXSourcesBuildPhase;
			buildActionMask = 2147483647;
			files = (
				940D066722064CC8003DC82A /* RecordAudioViewController.swift in Sources */,
				940D066522064CC8003DC82A /* AppDelegate.swift in Sources */,
				940D06952210C28B003DC82A /* PlayAudioViewController.swift in Sources */,
			);
			runOnlyForDeploymentPostprocessing = 0;
		};
		940D067122064CCA003DC82A /* Sources */ = {
			isa = PBXSourcesBuildPhase;
			buildActionMask = 2147483647;
			files = (
				940D067A22064CCA003DC82A /* PitchPerfectTests.swift in Sources */,
			);
			runOnlyForDeploymentPostprocessing = 0;
		};
		940D067C22064CCA003DC82A /* Sources */ = {
			isa = PBXSourcesBuildPhase;
			buildActionMask = 2147483647;
			files = (
				940D068522064CCA003DC82A /* PitchPerfectUITests.swift in Sources */,
			);
			runOnlyForDeploymentPostprocessing = 0;
		};
/* End PBXSourcesBuildPhase section */

/* Begin PBXTargetDependency section */
		940D067722064CCA003DC82A /* PBXTargetDependency */ = {
			isa = PBXTargetDependency;
			target = 940D066022064CC8003DC82A /* PitchPerfect */;
			targetProxy = 940D067622064CCA003DC82A /* PBXContainerItemProxy */;
		};
		940D068222064CCA003DC82A /* PBXTargetDependency */ = {
			isa = PBXTargetDependency;
			target = 940D066022064CC8003DC82A /* PitchPerfect */;
			targetProxy = 940D068122064CCA003DC82A /* PBXContainerItemProxy */;
		};
/* End PBXTargetDependency section */

/* Begin PBXVariantGroup section */
		940D066822064CC8003DC82A /* Main.storyboard */ = {
			isa = PBXVariantGroup;
			children = (
				940D066922064CC8003DC82A /* Base */,
			);
			name = Main.storyboard;
			sourceTree = "<group>";
		};
		940D066D22064CCA003DC82A /* LaunchScreen.storyboard */ = {
			isa = PBXVariantGroup;
			children = (
				940D066E22064CCA003DC82A /* Base */,
			);
			name = LaunchScreen.storyboard;
			sourceTree = "<group>";
		};
/* End PBXVariantGroup section */

/* Begin XCBuildConfiguration section */
		940D068722064CCA003DC82A /* Debug */ = {
			isa = XCBuildConfiguration;
			buildSettings = {
				ALWAYS_SEARCH_USER_PATHS = NO;
				CLANG_ANALYZER_NONNULL = YES;
				CLANG_ANALYZER_NUMBER_OBJECT_CONVERSION = YES_AGGRESSIVE;
				CLANG_CXX_LANGUAGE_STANDARD = "gnu++14";
				CLANG_CXX_LIBRARY = "libc++";
				CLANG_ENABLE_MODULES = YES;
				CLANG_ENABLE_OBJC_ARC = YES;
				CLANG_ENABLE_OBJC_WEAK = YES;
				CLANG_WARN_BLOCK_CAPTURE_AUTORELEASING = YES;
				CLANG_WARN_BOOL_CONVERSION = YES;
				CLANG_WARN_COMMA = YES;
				CLANG_WARN_CONSTANT_CONVERSION = YES;
				CLANG_WARN_DEPRECATED_OBJC_IMPLEMENTATIONS = YES;
				CLANG_WARN_DIRECT_OBJC_ISA_USAGE = YES_ERROR;
				CLANG_WARN_DOCUMENTATION_COMMENTS = YES;
				CLANG_WARN_EMPTY_BODY = YES;
				CLANG_WARN_ENUM_CONVERSION = YES;
				CLANG_WARN_INFINITE_RECURSION = YES;
				CLANG_WARN_INT_CONVERSION = YES;
				CLANG_WARN_NON_LITERAL_NULL_CONVERSION = YES;
				CLANG_WARN_OBJC_IMPLICIT_RETAIN_SELF = YES;
				CLANG_WARN_OBJC_LITERAL_CONVERSION = YES;
				CLANG_WARN_OBJC_ROOT_CLASS = YES_ERROR;
				CLANG_WARN_RANGE_LOOP_ANALYSIS = YES;
				CLANG_WARN_STRICT_PROTOTYPES = YES;
				CLANG_WARN_SUSPICIOUS_MOVE = YES;
				CLANG_WARN_UNGUARDED_AVAILABILITY = YES_AGGRESSIVE;
				CLANG_WARN_UNREACHABLE_CODE = YES;
				CLANG_WARN__DUPLICATE_METHOD_MATCH = YES;
				CODE_SIGN_IDENTITY = "iPhone Developer";
				COPY_PHASE_STRIP = NO;
				DEBUG_INFORMATION_FORMAT = dwarf;
				ENABLE_STRICT_OBJC_MSGSEND = YES;
				ENABLE_TESTABILITY = YES;
				GCC_C_LANGUAGE_STANDARD = gnu11;
				GCC_DYNAMIC_NO_PIC = NO;
				GCC_NO_COMMON_BLOCKS = YES;
				GCC_OPTIMIZATION_LEVEL = 0;
				GCC_PREPROCESSOR_DEFINITIONS = (
					"DEBUG=1",
					"$(inherited)",
				);
				GCC_WARN_64_TO_32_BIT_CONVERSION = YES;
				GCC_WARN_ABOUT_RETURN_TYPE = YES_ERROR;
				GCC_WARN_UNDECLARED_SELECTOR = YES;
				GCC_WARN_UNINITIALIZED_AUTOS = YES_AGGRESSIVE;
				GCC_WARN_UNUSED_FUNCTION = YES;
				GCC_WARN_UNUSED_VARIABLE = YES;
				IPHONEOS_DEPLOYMENT_TARGET = 12.1;
				MTL_ENABLE_DEBUG_INFO = INCLUDE_SOURCE;
				MTL_FAST_MATH = YES;
				ONLY_ACTIVE_ARCH = YES;
				SDKROOT = iphoneos;
				SWIFT_ACTIVE_COMPILATION_CONDITIONS = DEBUG;
				SWIFT_OPTIMIZATION_LEVEL = "-Onone";
			};
			name = Debug;
		};
		940D068822064CCA003DC82A /* Release */ = {
			isa = XCBuildConfiguration;
			buildSettings = {
				ALWAYS_SEARCH_USER_PATHS = NO;
				CLANG_ANALYZER_NONNULL = YES;
				CLANG_ANALYZER_NUMBER_OBJECT_CONVERSION = YES_AGGRESSIVE;
				CLANG_CXX_LANGUAGE_STANDARD = "gnu++14";
				CLANG_CXX_LIBRARY = "libc++";
				CLANG_ENABLE_MODULES = YES;
				CLANG_ENABLE_OBJC_ARC = YES;
				CLANG_ENABLE_OBJC_WEAK = YES;
				CLANG_WARN_BLOCK_CAPTURE_AUTORELEASING = YES;
				CLANG_WARN_BOOL_CONVERSION = YES;
				CLANG_WARN_COMMA = YES;
				CLANG_WARN_CONSTANT_CONVERSION = YES;
				CLANG_WARN_DEPRECATED_OBJC_IMPLEMENTATIONS = YES;
				CLANG_WARN_DIRECT_OBJC_ISA_USAGE = YES_ERROR;
				CLANG_WARN_DOCUMENTATION_COMMENTS = YES;
				CLANG_WARN_EMPTY_BODY = YES;
				CLANG_WARN_ENUM_CONVERSION = YES;
				CLANG_WARN_INFINITE_RECURSION = YES;
				CLANG_WARN_INT_CONVERSION = YES;
				CLANG_WARN_NON_LITERAL_NULL_CONVERSION = YES;
				CLANG_WARN_OBJC_IMPLICIT_RETAIN_SELF = YES;
				CLANG_WARN_OBJC_LITERAL_CONVERSION = YES;
				CLANG_WARN_OBJC_ROOT_CLASS = YES_ERROR;
				CLANG_WARN_RANGE_LOOP_ANALYSIS = YES;
				CLANG_WARN_STRICT_PROTOTYPES = YES;
				CLANG_WARN_SUSPICIOUS_MOVE = YES;
				CLANG_WARN_UNGUARDED_AVAILABILITY = YES_AGGRESSIVE;
				CLANG_WARN_UNREACHABLE_CODE = YES;
				CLANG_WARN__DUPLICATE_METHOD_MATCH = YES;
				CODE_SIGN_IDENTITY = "iPhone Developer";
				COPY_PHASE_STRIP = NO;
				DEBUG_INFORMATION_FORMAT = "dwarf-with-dsym";
				ENABLE_NS_ASSERTIONS = NO;
				ENABLE_STRICT_OBJC_MSGSEND = YES;
				GCC_C_LANGUAGE_STANDARD = gnu11;
				GCC_NO_COMMON_BLOCKS = YES;
				GCC_WARN_64_TO_32_BIT_CONVERSION = YES;
				GCC_WARN_ABOUT_RETURN_TYPE = YES_ERROR;
				GCC_WARN_UNDECLARED_SELECTOR = YES;
				GCC_WARN_UNINITIALIZED_AUTOS = YES_AGGRESSIVE;
				GCC_WARN_UNUSED_FUNCTION = YES;
				GCC_WARN_UNUSED_VARIABLE = YES;
				IPHONEOS_DEPLOYMENT_TARGET = 12.1;
				MTL_ENABLE_DEBUG_INFO = NO;
				MTL_FAST_MATH = YES;
				SDKROOT = iphoneos;
				SWIFT_COMPILATION_MODE = wholemodule;
				SWIFT_OPTIMIZATION_LEVEL = "-O";
				VALIDATE_PRODUCT = YES;
			};
			name = Release;
		};
		940D068A22064CCA003DC82A /* Debug */ = {
			isa = XCBuildConfiguration;
			buildSettings = {
				ASSETCATALOG_COMPILER_APPICON_NAME = AppIcon;
				CODE_SIGN_STYLE = Automatic;
				DEVELOPMENT_TEAM = NYB9F28R64;
				INFOPLIST_FILE = PitchPerfect/Info.plist;
				LD_RUNPATH_SEARCH_PATHS = (
					"$(inherited)",
					"@executable_path/Frameworks",
				);
				PRODUCT_BUNDLE_IDENTIFIER = com.r3software.PitchPerfect;
				PRODUCT_NAME = "$(TARGET_NAME)";
				SWIFT_VERSION = 4.2;
				TARGETED_DEVICE_FAMILY = "1,2";
			};
			name = Debug;
		};
		940D068B22064CCA003DC82A /* Release */ = {
			isa = XCBuildConfiguration;
			buildSettings = {
				ASSETCATALOG_COMPILER_APPICON_NAME = AppIcon;
				CODE_SIGN_STYLE = Automatic;
				DEVELOPMENT_TEAM = NYB9F28R64;
				INFOPLIST_FILE = PitchPerfect/Info.plist;
				LD_RUNPATH_SEARCH_PATHS = (
					"$(inherited)",
					"@executable_path/Frameworks",
				);
				PRODUCT_BUNDLE_IDENTIFIER = com.r3software.PitchPerfect;
				PRODUCT_NAME = "$(TARGET_NAME)";
				SWIFT_VERSION = 4.2;
				TARGETED_DEVICE_FAMILY = "1,2";
			};
			name = Release;
		};
		940D068D22064CCA003DC82A /* Debug */ = {
			isa = XCBuildConfiguration;
			buildSettings = {
				ALWAYS_EMBED_SWIFT_STANDARD_LIBRARIES = YES;
				BUNDLE_LOADER = "$(TEST_HOST)";
				CODE_SIGN_STYLE = Automatic;
				DEVELOPMENT_TEAM = NYB9F28R64;
				INFOPLIST_FILE = PitchPerfectTests/Info.plist;
				LD_RUNPATH_SEARCH_PATHS = (
					"$(inherited)",
					"@executable_path/Frameworks",
					"@loader_path/Frameworks",
				);
				PRODUCT_BUNDLE_IDENTIFIER = com.r3software.PitchPerfectTests;
				PRODUCT_NAME = "$(TARGET_NAME)";
				SWIFT_VERSION = 4.2;
				TARGETED_DEVICE_FAMILY = "1,2";
				TEST_HOST = "$(BUILT_PRODUCTS_DIR)/PitchPerfect.app/PitchPerfect";
			};
			name = Debug;
		};
		940D068E22064CCA003DC82A /* Release */ = {
			isa = XCBuildConfiguration;
			buildSettings = {
				ALWAYS_EMBED_SWIFT_STANDARD_LIBRARIES = YES;
				BUNDLE_LOADER = "$(TEST_HOST)";
				CODE_SIGN_STYLE = Automatic;
				DEVELOPMENT_TEAM = NYB9F28R64;
				INFOPLIST_FILE = PitchPerfectTests/Info.plist;
				LD_RUNPATH_SEARCH_PATHS = (
					"$(inherited)",
					"@executable_path/Frameworks",
					"@loader_path/Frameworks",
				);
				PRODUCT_BUNDLE_IDENTIFIER = com.r3software.PitchPerfectTests;
				PRODUCT_NAME = "$(TARGET_NAME)";
				SWIFT_VERSION = 4.2;
				TARGETED_DEVICE_FAMILY = "1,2";
				TEST_HOST = "$(BUILT_PRODUCTS_DIR)/PitchPerfect.app/PitchPerfect";
			};
			name = Release;
		};
		940D069022064CCA003DC82A /* Debug */ = {
			isa = XCBuildConfiguration;
			buildSettings = {
				ALWAYS_EMBED_SWIFT_STANDARD_LIBRARIES = YES;
				CODE_SIGN_STYLE = Automatic;
				DEVELOPMENT_TEAM = NYB9F28R64;
				INFOPLIST_FILE = PitchPerfectUITests/Info.plist;
				LD_RUNPATH_SEARCH_PATHS = (
					"$(inherited)",
					"@executable_path/Frameworks",
					"@loader_path/Frameworks",
				);
				PRODUCT_BUNDLE_IDENTIFIER = com.r3software.PitchPerfectUITests;
				PRODUCT_NAME = "$(TARGET_NAME)";
				SWIFT_VERSION = 4.2;
				TARGETED_DEVICE_FAMILY = "1,2";
				TEST_TARGET_NAME = PitchPerfect;
			};
			name = Debug;
		};
		940D069122064CCA003DC82A /* Release */ = {
			isa = XCBuildConfiguration;
			buildSettings = {
				ALWAYS_EMBED_SWIFT_STANDARD_LIBRARIES = YES;
				CODE_SIGN_STYLE = Automatic;
				DEVELOPMENT_TEAM = NYB9F28R64;
				INFOPLIST_FILE = PitchPerfectUITests/Info.plist;
				LD_RUNPATH_SEARCH_PATHS = (
					"$(inherited)",
					"@executable_path/Frameworks",
					"@loader_path/Frameworks",
				);
				PRODUCT_BUNDLE_IDENTIFIER = com.r3software.PitchPerfectUITests;
				PRODUCT_NAME = "$(TARGET_NAME)";
				SWIFT_VERSION = 4.2;
				TARGETED_DEVICE_FAMILY = "1,2";
				TEST_TARGET_NAME = PitchPerfect;
			};
			name = Release;
		};
/* End XCBuildConfiguration section */

/* Begin XCConfigurationList section */
		940D065C22064CC8003DC82A /* Build configuration list for PBXProject "PitchPerfect" */ = {
			isa = XCConfigurationList;
			buildConfigurations = (
				940D068722064CCA003DC82A /* Debug */,
				940D068822064CCA003DC82A /* Release */,
			);
			defaultConfigurationIsVisible = 0;
			defaultConfigurationName = Release;
		};
		940D068922064CCA003DC82A /* Build configuration list for PBXNativeTarget "PitchPerfect" */ = {
			isa = XCConfigurationList;
			buildConfigurations = (
				940D068A22064CCA003DC82A /* Debug */,
				940D068B22064CCA003DC82A /* Release */,
			);
			defaultConfigurationIsVisible = 0;
			defaultConfigurationName = Release;
		};
		940D068C22064CCA003DC82A /* Build configuration list for PBXNativeTarget "PitchPerfectTests" */ = {
			isa = XCConfigurationList;
			buildConfigurations = (
				940D068D22064CCA003DC82A /* Debug */,
				940D068E22064CCA003DC82A /* Release */,
			);
			defaultConfigurationIsVisible = 0;
			defaultConfigurationName = Release;
		};
		940D068F22064CCA003DC82A /* Build configuration list for PBXNativeTarget "PitchPerfectUITests" */ = {
			isa = XCConfigurationList;
			buildConfigurations = (
				940D069022064CCA003DC82A /* Debug */,
				940D069122064CCA003DC82A /* Release */,
			);
			defaultConfigurationIsVisible = 0;
			defaultConfigurationName = Release;
		};
/* End XCConfigurationList section */
	};
	rootObject = 940D065922064CC8003DC82A /* Project object */;
}
